
Microsoft Visual Studio Solution File, Format Version 12.00
# Visual Studio Version 17
VisualStudioVersion = 17.4.33122.133
MinimumVisualStudioVersion = 10.0.40219.1
Project("{FAE04EC0-301F-11D3-BF4B-00C04F79EFBC}") = "APIWypozyczalniaRowerowaProjektAIooK", "APIWypozyczalniaRowerowaProjektAIooK\APIWypozyczalniaRowerowaProjektAIooK.csproj", "{D3C492F6-D207-4230-804D-1B44FFBAE13F}"
EndProject
Global
	GlobalSection(SolutionConfigurationPlatforms) = preSolution
		Debug|Any CPU = Debug|Any CPU
		Release|Any CPU = Release|Any CPU
	EndGlobalSection
	GlobalSection(ProjectConfigurationPlatforms) = postSolution
		{D3C492F6-D207-4230-804D-1B44FFBAE13F}.Debug|Any CPU.ActiveCfg = Debug|Any CPU
		{D3C492F6-D207-4230-804D-1B44FFBAE13F}.Debug|Any CPU.Build.0 = Debug|Any CPU
		{D3C492F6-D207-4230-804D-1B44FFBAE13F}.Release|Any CPU.ActiveCfg = Release|Any CPU
		{D3C492F6-D207-4230-804D-1B44FFBAE13F}.Release|Any CPU.Build.0 = Release|Any CPU
	EndGlobalSection
	GlobalSection(SolutionProperties) = preSolution
		HideSolutionNode = FALSE
	EndGlobalSection
	GlobalSection(ExtensibilityGlobals) = postSolution
		SolutionGuid = {35604FE5-1DD3-4465-9537-7FEFB9C7FA6C}
	EndGlobalSection
EndGlobal
